
Microsoft Visual Studio Solution File, Format Version 12.00
# Visual Studio Version 16
VisualStudioVersion = 16.0.30717.126
MinimumVisualStudioVersion = 10.0.40219.1
Project("{FAE04EC0-301F-11D3-BF4B-00C04F79EFBC}") = "OpenCvHsvChecker", "OpenCvHsvChecker\OpenCvHsvChecker.csproj", "{CE53BD22-DE7A-4FE5-9DCC-70237947BF5F}"
EndProject
Global
	GlobalSection(SolutionConfigurationPlatforms) = preSolution
		Debug|Any CPU = Debug|Any CPU
		Release|Any CPU = Release|Any CPU
	EndGlobalSection
	GlobalSection(ProjectConfigurationPlatforms) = postSolution
		{CE53BD22-DE7A-4FE5-9DCC-70237947BF5F}.Debug|Any CPU.ActiveCfg = Debug|Any CPU
		{CE53BD22-DE7A-4FE5-9DCC-70237947BF5F}.Debug|Any CPU.Build.0 = Debug|Any CPU
		{CE53BD22-DE7A-4FE5-9DCC-70237947BF5F}.Release|Any CPU.ActiveCfg = Release|Any CPU
		{CE53BD22-DE7A-4FE5-9DCC-70237947BF5F}.Release|Any CPU.Build.0 = Release|Any CPU
	EndGlobalSection
	GlobalSection(SolutionProperties) = preSolution
		HideSolutionNode = FALSE
	EndGlobalSection
	GlobalSection(ExtensibilityGlobals) = postSolution
		SolutionGuid = {AA9F2DA3-6859-41FD-935C-D2539324FA0B}
	EndGlobalSection
EndGlobal
